// !$*UTF8*$!
{
	archiveVersion = 1;
	classes = {
	};
	objectVersion = 56;
	objects = {

/* Begin PBXBuildFile section */
		CA4B2B4B2A2697CC0068491C /* AppDelegate.swift in Sources */ = {isa = PBXBuildFile; fileRef = CA4B2B4A2A2697CC0068491C /* AppDelegate.swift */; };
		CA4B2B4D2A2697CC0068491C /* SceneDelegate.swift in Sources */ = {isa = PBXBuildFile; fileRef = CA4B2B4C2A2697CC0068491C /* SceneDelegate.swift */; };
		CA4B2B4F2A2697CC0068491C /* ViewController.swift in Sources */ = {isa = PBXBuildFile; fileRef = CA4B2B4E2A2697CC0068491C /* ViewController.swift */; };
		CA4B2B522A2697CC0068491C /* Main.storyboard in Resources */ = {isa = PBXBuildFile; fileRef = CA4B2B502A2697CC0068491C /* Main.storyboard */; };
		CA4B2B542A2697CE0068491C /* Assets.xcassets in Resources */ = {isa = PBXBuildFile; fileRef = CA4B2B532A2697CE0068491C /* Assets.xcassets */; };
		CA4B2B572A2697CE0068491C /* LaunchScreen.storyboard in Resources */ = {isa = PBXBuildFile; fileRef = CA4B2B552A2697CE0068491C /* LaunchScreen.storyboard */; };
		CA4B2B622A2698B20068491C /* Question.swift in Sources */ = {isa = PBXBuildFile; fileRef = CA4B2B612A2698B20068491C /* Question.swift */; };
		CA4B2B652A2698F80068491C /* QuizViewController.swift in Sources */ = {isa = PBXBuildFile; fileRef = CA4B2B642A2698F80068491C /* QuizViewController.swift */; };
		CA4B2B672A26991D0068491C /* ResultViewController.swift in Sources */ = {isa = PBXBuildFile; fileRef = CA4B2B662A26991D0068491C /* ResultViewController.swift */; };
		CA51D6BA2A30A90900EE3E1A /* SnapKit in Frameworks */ = {isa = PBXBuildFile; productRef = CA51D6B92A30A90900EE3E1A /* SnapKit */; };
		CA51D6BE2A30D88000EE3E1A /* LaunchScreenVC.swift in Sources */ = {isa = PBXBuildFile; fileRef = CA51D6BD2A30D88000EE3E1A /* LaunchScreenVC.swift */; };
/* End PBXBuildFile section */

/* Begin PBXFileReference section */
		CA4B2B472A2697CC0068491C /* Flags_MVC.app */ = {isa = PBXFileReference; explicitFileType = wrapper.application; includeInIndex = 0; path = Flags_MVC.app; sourceTree = BUILT_PRODUCTS_DIR; };
		CA4B2B4A2A2697CC0068491C /* AppDelegate.swift */ = {isa = PBXFileReference; lastKnownFileType = sourcecode.swift; path = AppDelegate.swift; sourceTree = "<group>"; };
		CA4B2B4C2A2697CC0068491C /* SceneDelegate.swift */ = {isa = PBXFileReference; lastKnownFileType = sourcecode.swift; path = SceneDelegate.swift; sourceTree = "<group>"; };
		CA4B2B4E2A2697CC0068491C /* ViewController.swift */ = {isa = PBXFileReference; lastKnownFileType = sourcecode.swift; path = ViewController.swift; sourceTree = "<group>"; };
		CA4B2B512A2697CC0068491C /* Base */ = {isa = PBXFileReference; lastKnownFileType = file.storyboard; name = Base; path = Base.lproj/Main.storyboard; sourceTree = "<group>"; };
		CA4B2B532A2697CE0068491C /* Assets.xcassets */ = {isa = PBXFileReference; lastKnownFileType = folder.assetcatalog; path = Assets.xcassets; sourceTree = "<group>"; };
		CA4B2B562A2697CE0068491C /* Base */ = {isa = PBXFileReference; lastKnownFileType = file.storyboard; name = Base; path = Base.lproj/LaunchScreen.storyboard; sourceTree = "<group>"; };
		CA4B2B582A2697CE0068491C /* Info.plist */ = {isa = PBXFileReference; lastKnownFileType = text.plist.xml; path = Info.plist; sourceTree = "<group>"; };
		CA4B2B612A2698B20068491C /* Question.swift */ = {isa = PBXFileReference; lastKnownFileType = sourcecode.swift; path = Question.swift; sourceTree = "<group>"; };
		CA4B2B642A2698F80068491C /* QuizViewController.swift */ = {isa = PBXFileReference; lastKnownFileType = sourcecode.swift; path = QuizViewController.swift; sourceTree = "<group>"; };
		CA4B2B662A26991D0068491C /* ResultViewController.swift */ = {isa = PBXFileReference; lastKnownFileType = sourcecode.swift; path = ResultViewController.swift; sourceTree = "<group>"; };
		CA51D6BD2A30D88000EE3E1A /* LaunchScreenVC.swift */ = {isa = PBXFileReference; lastKnownFileType = sourcecode.swift; path = LaunchScreenVC.swift; sourceTree = "<group>"; };
/* End PBXFileReference section */

/* Begin PBXFrameworksBuildPhase section */
		CA4B2B442A2697CC0068491C /* Frameworks */ = {
			isa = PBXFrameworksBuildPhase;
			buildActionMask = 2147483647;
			files = (
				CA51D6BA2A30A90900EE3E1A /* SnapKit in Frameworks */,
			);
			runOnlyForDeploymentPostprocessing = 0;
		};
/* End PBXFrameworksBuildPhase section */

/* Begin PBXGroup section */
		CA4B2B3E2A2697CC0068491C = {
			isa = PBXGroup;
			children = (
				CA4B2B492A2697CC0068491C /* Flags_MVC */,
				CA4B2B482A2697CC0068491C /* Products */,
			);
			sourceTree = "<group>";
		};
		CA4B2B482A2697CC0068491C /* Products */ = {
			isa = PBXGroup;
			children = (
				CA4B2B472A2697CC0068491C /* Flags_MVC.app */,
			);
			name = Products;
			sourceTree = "<group>";
		};
		CA4B2B492A2697CC0068491C /* Flags_MVC */ = {
			isa = PBXGroup;
			children = (
				CA4B2B632A2698C50068491C /* Model */,
				CA4B2B602A26984B0068491C /* InterfaceBuilder */,
				CA4B2B5F2A2698290068491C /* ViewController */,
				CA4B2B5E2A2697E30068491C /* Service */,
			);
			path = Flags_MVC;
			sourceTree = "<group>";
		};
		CA4B2B5E2A2697E30068491C /* Service */ = {
			isa = PBXGroup;
			children = (
				CA4B2B532A2697CE0068491C /* Assets.xcassets */,
				CA4B2B4A2A2697CC0068491C /* AppDelegate.swift */,
				CA4B2B4C2A2697CC0068491C /* SceneDelegate.swift */,
				CA4B2B582A2697CE0068491C /* Info.plist */,
			);
			path = Service;
			sourceTree = "<group>";
		};
		CA4B2B5F2A2698290068491C /* ViewController */ = {
			isa = PBXGroup;
			children = (
				CA51D6BD2A30D88000EE3E1A /* LaunchScreenVC.swift */,
				CA4B2B662A26991D0068491C /* ResultViewController.swift */,
				CA4B2B642A2698F80068491C /* QuizViewController.swift */,
				CA4B2B4E2A2697CC0068491C /* ViewController.swift */,
			);
			path = ViewController;
			sourceTree = "<group>";
		};
		CA4B2B602A26984B0068491C /* InterfaceBuilder */ = {
			isa = PBXGroup;
			children = (
				CA4B2B502A2697CC0068491C /* Main.storyboard */,
				CA4B2B552A2697CE0068491C /* LaunchScreen.storyboard */,
			);
			path = InterfaceBuilder;
			sourceTree = "<group>";
		};
		CA4B2B632A2698C50068491C /* Model */ = {
			isa = PBXGroup;
			children = (
				CA4B2B612A2698B20068491C /* Question.swift */,
			);
			path = Model;
			sourceTree = "<group>";
		};
/* End PBXGroup section */

/* Begin PBXNativeTarget section */
		CA4B2B462A2697CC0068491C /* Flags_MVC */ = {
			isa = PBXNativeTarget;
			buildConfigurationList = CA4B2B5B2A2697CE0068491C /* Build configuration list for PBXNativeTarget "Flags_MVC" */;
			buildPhases = (
				CA4B2B432A2697CC0068491C /* Sources */,
				CA4B2B442A2697CC0068491C /* Frameworks */,
				CA4B2B452A2697CC0068491C /* Resources */,
			);
			buildRules = (
			);
			dependencies = (
			);
			name = Flags_MVC;
			packageProductDependencies = (
				CA51D6B92A30A90900EE3E1A /* SnapKit */,
			);
			productName = Flags_MVC;
			productReference = CA4B2B472A2697CC0068491C /* Flags_MVC.app */;
			productType = "com.apple.product-type.application";
		};
/* End PBXNativeTarget section */

/* Begin PBXProject section */
		CA4B2B3F2A2697CC0068491C /* Project object */ = {
			isa = PBXProject;
			attributes = {
				BuildIndependentTargetsInParallel = 1;
				LastSwiftUpdateCheck = 1430;
				LastUpgradeCheck = 1430;
				TargetAttributes = {
					CA4B2B462A2697CC0068491C = {
						CreatedOnToolsVersion = 14.3;
					};
				};
			};
			buildConfigurationList = CA4B2B422A2697CC0068491C /* Build configuration list for PBXProject "Flags_MVC" */;
			compatibilityVersion = "Xcode 14.0";
			developmentRegion = en;
			hasScannedForEncodings = 0;
			knownRegions = (
				en,
				Base,
			);
			mainGroup = CA4B2B3E2A2697CC0068491C;
			packageReferences = (
				CA51D6B82A30A90900EE3E1A /* XCRemoteSwiftPackageReference "SnapKit" */,
			);
			productRefGroup = CA4B2B482A2697CC0068491C /* Products */;
			projectDirPath = "";
			projectRoot = "";
			targets = (
				CA4B2B462A2697CC0068491C /* Flags_MVC */,
			);
		};
/* End PBXProject section */

/* Begin PBXResourcesBuildPhase section */
		CA4B2B452A2697CC0068491C /* Resources */ = {
			isa = PBXResourcesBuildPhase;
			buildActionMask = 2147483647;
			files = (
				CA4B2B572A2697CE0068491C /* LaunchScreen.storyboard in Resources */,
				CA4B2B542A2697CE0068491C /* Assets.xcassets in Resources */,
				CA4B2B522A2697CC0068491C /* Main.storyboard in Resources */,
			);
			runOnlyForDeploymentPostprocessing = 0;
		};
/* End PBXResourcesBuildPhase section */

/* Begin PBXSourcesBuildPhase section */
		CA4B2B432A2697CC0068491C /* Sources */ = {
			isa = PBXSourcesBuildPhase;
			buildActionMask = 2147483647;
			files = (
				CA4B2B4F2A2697CC0068491C /* ViewController.swift in Sources */,
				CA4B2B652A2698F80068491C /* QuizViewController.swift in Sources */,
				CA4B2B622A2698B20068491C /* Question.swift in Sources */,
				CA4B2B4B2A2697CC0068491C /* AppDelegate.swift in Sources */,
				CA51D6BE2A30D88000EE3E1A /* LaunchScreenVC.swift in Sources */,
				CA4B2B4D2A2697CC0068491C /* SceneDelegate.swift in Sources */,
				CA4B2B672A26991D0068491C /* ResultViewController.swift in Sources */,
			);
			runOnlyForDeploymentPostprocessing = 0;
		};
/* End PBXSourcesBuildPhase section */

/* Begin PBXVariantGroup section */
		CA4B2B502A2697CC0068491C /* Main.storyboard */ = {
			isa = PBXVariantGroup;
			children = (
				CA4B2B512A2697CC0068491C /* Base */,
			);
			name = Main.storyboard;
			sourceTree = "<group>";
		};
		CA4B2B552A2697CE0068491C /* LaunchScreen.storyboard */ = {
			isa = PBXVariantGroup;
			children = (
				CA4B2B562A2697CE0068491C /* Base */,
			);
			name = LaunchScreen.storyboard;
			sourceTree = "<group>";
		};
/* End PBXVariantGroup section */

/* Begin XCBuildConfiguration section */
		CA4B2B592A2697CE0068491C /* Debug */ = {
			isa = XCBuildConfiguration;
			buildSettings = {
				ALWAYS_SEARCH_USER_PATHS = NO;
				CLANG_ANALYZER_NONNULL = YES;
				CLANG_ANALYZER_NUMBER_OBJECT_CONVERSION = YES_AGGRESSIVE;
				CLANG_CXX_LANGUAGE_STANDARD = "gnu++20";
				CLANG_ENABLE_MODULES = YES;
				CLANG_ENABLE_OBJC_ARC = YES;
				CLANG_ENABLE_OBJC_WEAK = YES;
				CLANG_WARN_BLOCK_CAPTURE_AUTORELEASING = YES;
				CLANG_WARN_BOOL_CONVERSION = YES;
				CLANG_WARN_COMMA = YES;
				CLANG_WARN_CONSTANT_CONVERSION = YES;
				CLANG_WARN_DEPRECATED_OBJC_IMPLEMENTATIONS = YES;
				CLANG_WARN_DIRECT_OBJC_ISA_USAGE = YES_ERROR;
				CLANG_WARN_DOCUMENTATION_COMMENTS = YES;
				CLANG_WARN_EMPTY_BODY = YES;
				CLANG_WARN_ENUM_CONVERSION = YES;
				CLANG_WARN_INFINITE_RECURSION = YES;
				CLANG_WARN_INT_CONVERSION = YES;
				CLANG_WARN_NON_LITERAL_NULL_CONVERSION = YES;
				CLANG_WARN_OBJC_IMPLICIT_RETAIN_SELF = YES;
				CLANG_WARN_OBJC_LITERAL_CONVERSION = YES;
				CLANG_WARN_OBJC_ROOT_CLASS = YES_ERROR;
				CLANG_WARN_QUOTED_INCLUDE_IN_FRAMEWORK_HEADER = YES;
				CLANG_WARN_RANGE_LOOP_ANALYSIS = YES;
				CLANG_WARN_STRICT_PROTOTYPES = YES;
				CLANG_WARN_SUSPICIOUS_MOVE = YES;
				CLANG_WARN_UNGUARDED_AVAILABILITY = YES_AGGRESSIVE;
				CLANG_WARN_UNREACHABLE_CODE = YES;
				CLANG_WARN__DUPLICATE_METHOD_MATCH = YES;
				COPY_PHASE_STRIP = NO;
				DEBUG_INFORMATION_FORMAT = dwarf;
				ENABLE_STRICT_OBJC_MSGSEND = YES;
				ENABLE_TESTABILITY = YES;
				GCC_C_LANGUAGE_STANDARD = gnu11;
				GCC_DYNAMIC_NO_PIC = NO;
				GCC_NO_COMMON_BLOCKS = YES;
				GCC_OPTIMIZATION_LEVEL = 0;
				GCC_PREPROCESSOR_DEFINITIONS = (
					"DEBUG=1",
					"$(inherited)",
				);
				GCC_WARN_64_TO_32_BIT_CONVERSION = YES;
				GCC_WARN_ABOUT_RETURN_TYPE = YES_ERROR;
				GCC_WARN_UNDECLARED_SELECTOR = YES;
				GCC_WARN_UNINITIALIZED_AUTOS = YES_AGGRESSIVE;
				GCC_WARN_UNUSED_FUNCTION = YES;
				GCC_WARN_UNUSED_VARIABLE = YES;
				IPHONEOS_DEPLOYMENT_TARGET = 16.4;
				MTL_ENABLE_DEBUG_INFO = INCLUDE_SOURCE;
				MTL_FAST_MATH = YES;
				ONLY_ACTIVE_ARCH = YES;
				SDKROOT = iphoneos;
				SWIFT_ACTIVE_COMPILATION_CONDITIONS = DEBUG;
				SWIFT_OPTIMIZATION_LEVEL = "-Onone";
			};
			name = Debug;
		};
		CA4B2B5A2A2697CE0068491C /* Release */ = {
			isa = XCBuildConfiguration;
			buildSettings = {
				ALWAYS_SEARCH_USER_PATHS = NO;
				CLANG_ANALYZER_NONNULL = YES;
				CLANG_ANALYZER_NUMBER_OBJECT_CONVERSION = YES_AGGRESSIVE;
				CLANG_CXX_LANGUAGE_STANDARD = "gnu++20";
				CLANG_ENABLE_MODULES = YES;
				CLANG_ENABLE_OBJC_ARC = YES;
				CLANG_ENABLE_OBJC_WEAK = YES;
				CLANG_WARN_BLOCK_CAPTURE_AUTORELEASING = YES;
				CLANG_WARN_BOOL_CONVERSION = YES;
				CLANG_WARN_COMMA = YES;
				CLANG_WARN_CONSTANT_CONVERSION = YES;
				CLANG_WARN_DEPRECATED_OBJC_IMPLEMENTATIONS = YES;
				CLANG_WARN_DIRECT_OBJC_ISA_USAGE = YES_ERROR;
				CLANG_WARN_DOCUMENTATION_COMMENTS = YES;
				CLANG_WARN_EMPTY_BODY = YES;
				CLANG_WARN_ENUM_CONVERSION = YES;
				CLANG_WARN_INFINITE_RECURSION = YES;
				CLANG_WARN_INT_CONVERSION = YES;
				CLANG_WARN_NON_LITERAL_NULL_CONVERSION = YES;
				CLANG_WARN_OBJC_IMPLICIT_RETAIN_SELF = YES;
				CLANG_WARN_OBJC_LITERAL_CONVERSION = YES;
				CLANG_WARN_OBJC_ROOT_CLASS = YES_ERROR;
				CLANG_WARN_QUOTED_INCLUDE_IN_FRAMEWORK_HEADER = YES;
				CLANG_WARN_RANGE_LOOP_ANALYSIS = YES;
				CLANG_WARN_STRICT_PROTOTYPES = YES;
				CLANG_WARN_SUSPICIOUS_MOVE = YES;
				CLANG_WARN_UNGUARDED_AVAILABILITY = YES_AGGRESSIVE;
				CLANG_WARN_UNREACHABLE_CODE = YES;
				CLANG_WARN__DUPLICATE_METHOD_MATCH = YES;
				COPY_PHASE_STRIP = NO;
				DEBUG_INFORMATION_FORMAT = "dwarf-with-dsym";
				ENABLE_NS_ASSERTIONS = NO;
				ENABLE_STRICT_OBJC_MSGSEND = YES;
				GCC_C_LANGUAGE_STANDARD = gnu11;
				GCC_NO_COMMON_BLOCKS = YES;
				GCC_WARN_64_TO_32_BIT_CONVERSION = YES;
				GCC_WARN_ABOUT_RETURN_TYPE = YES_ERROR;
				GCC_WARN_UNDECLARED_SELECTOR = YES;
				GCC_WARN_UNINITIALIZED_AUTOS = YES_AGGRESSIVE;
				GCC_WARN_UNUSED_FUNCTION = YES;
				GCC_WARN_UNUSED_VARIABLE = YES;
				IPHONEOS_DEPLOYMENT_TARGET = 16.4;
				MTL_ENABLE_DEBUG_INFO = NO;
				MTL_FAST_MATH = YES;
				SDKROOT = iphoneos;
				SWIFT_COMPILATION_MODE = wholemodule;
				SWIFT_OPTIMIZATION_LEVEL = "-O";
				VALIDATE_PRODUCT = YES;
			};
			name = Release;
		};
		CA4B2B5C2A2697CE0068491C /* Debug */ = {
			isa = XCBuildConfiguration;
			buildSettings = {
				ASSETCATALOG_COMPILER_APPICON_NAME = AppIcon;
				ASSETCATALOG_COMPILER_GLOBAL_ACCENT_COLOR_NAME = AccentColor;
				CODE_SIGN_STYLE = Automatic;
				CURRENT_PROJECT_VERSION = 1;
				DEVELOPMENT_TEAM = LKCXB3W5BN;
				GENERATE_INFOPLIST_FILE = YES;
				INFOPLIST_FILE = Flags_MVC/Info.plist;
				INFOPLIST_KEY_UIApplicationSupportsIndirectInputEvents = YES;
				INFOPLIST_KEY_UILaunchStoryboardName = LaunchScreen;
				INFOPLIST_KEY_UIMainStoryboardFile = Main;
				INFOPLIST_KEY_UISupportedInterfaceOrientations_iPad = "UIInterfaceOrientationPortrait UIInterfaceOrientationPortraitUpsideDown UIInterfaceOrientationLandscapeLeft UIInterfaceOrientationLandscapeRight";
				INFOPLIST_KEY_UISupportedInterfaceOrientations_iPhone = "UIInterfaceOrientationPortrait UIInterfaceOrientationLandscapeLeft UIInterfaceOrientationLandscapeRight";
				LD_RUNPATH_SEARCH_PATHS = (
					"$(inherited)",
					"@executable_path/Frameworks",
				);
				MARKETING_VERSION = 1.0;
				PRODUCT_BUNDLE_IDENTIFIER = "Pavel-Krigin.Flags-MVC";
				PRODUCT_NAME = "$(TARGET_NAME)";
				SWIFT_EMIT_LOC_STRINGS = YES;
				SWIFT_VERSION = 5.0;
				TARGETED_DEVICE_FAMILY = "1,2";
			};
			name = Debug;
		};
		CA4B2B5D2A2697CE0068491C /* Release */ = {
			isa = XCBuildConfiguration;
			buildSettings = {
				ASSETCATALOG_COMPILER_APPICON_NAME = AppIcon;
				ASSETCATALOG_COMPILER_GLOBAL_ACCENT_COLOR_NAME = AccentColor;
				CODE_SIGN_STYLE = Automatic;
				CURRENT_PROJECT_VERSION = 1;
				DEVELOPMENT_TEAM = LKCXB3W5BN;
				GENERATE_INFOPLIST_FILE = YES;
				INFOPLIST_FILE = Flags_MVC/Info.plist;
				INFOPLIST_KEY_UIApplicationSupportsIndirectInputEvents = YES;
				INFOPLIST_KEY_UILaunchStoryboardName = LaunchScreen;
				INFOPLIST_KEY_UIMainStoryboardFile = Main;
				INFOPLIST_KEY_UISupportedInterfaceOrientations_iPad = "UIInterfaceOrientationPortrait UIInterfaceOrientationPortraitUpsideDown UIInterfaceOrientationLandscapeLeft UIInterfaceOrientationLandscapeRight";
				INFOPLIST_KEY_UISupportedInterfaceOrientations_iPhone = "UIInterfaceOrientationPortrait UIInterfaceOrientationLandscapeLeft UIInterfaceOrientationLandscapeRight";
				LD_RUNPATH_SEARCH_PATHS = (
					"$(inherited)",
					"@executable_path/Frameworks",
				);
				MARKETING_VERSION = 1.0;
				PRODUCT_BUNDLE_IDENTIFIER = "Pavel-Krigin.Flags-MVC";
				PRODUCT_NAME = "$(TARGET_NAME)";
				SWIFT_EMIT_LOC_STRINGS = YES;
				SWIFT_VERSION = 5.0;
				TARGETED_DEVICE_FAMILY = "1,2";
			};
			name = Release;
		};
/* End XCBuildConfiguration section */

/* Begin XCConfigurationList section */
		CA4B2B422A2697CC0068491C /* Build configuration list for PBXProject "Flags_MVC" */ = {
			isa = XCConfigurationList;
			buildConfigurations = (
				CA4B2B592A2697CE0068491C /* Debug */,
				CA4B2B5A2A2697CE0068491C /* Release */,
			);
			defaultConfigurationIsVisible = 0;
			defaultConfigurationName = Release;
		};
		CA4B2B5B2A2697CE0068491C /* Build configuration list for PBXNativeTarget "Flags_MVC" */ = {
			isa = XCConfigurationList;
			buildConfigurations = (
				CA4B2B5C2A2697CE0068491C /* Debug */,
				CA4B2B5D2A2697CE0068491C /* Release */,
			);
			defaultConfigurationIsVisible = 0;
			defaultConfigurationName = Release;
		};
/* End XCConfigurationList section */

/* Begin XCRemoteSwiftPackageReference section */
		CA51D6B82A30A90900EE3E1A /* XCRemoteSwiftPackageReference "SnapKit" */ = {
			isa = XCRemoteSwiftPackageReference;
			repositoryURL = "https://github.com/SnapKit/SnapKit.git";
			requirement = {
				kind = upToNextMajorVersion;
				minimumVersion = 5.0.0;
			};
		};
/* End XCRemoteSwiftPackageReference section */

/* Begin XCSwiftPackageProductDependency section */
		CA51D6B92A30A90900EE3E1A /* SnapKit */ = {
			isa = XCSwiftPackageProductDependency;
			package = CA51D6B82A30A90900EE3E1A /* XCRemoteSwiftPackageReference "SnapKit" */;
			productName = SnapKit;
		};
/* End XCSwiftPackageProductDependency section */
	};
	rootObject = CA4B2B3F2A2697CC0068491C /* Project object */;
}
